<?xml version="1.0" encoding="utf-8"?>
<Project ToolsVersion="4.0" xmlns="http://schemas.microsoft.com/developer/msbuild/2003">
  <ItemGroup>
    <Filter Include="engine">
      <UniqueIdentifier>{94e86d73-1abc-4903-bd0d-3bfe728ca8c1}</UniqueIdentifier>
    </Filter>
    <Filter Include="core">
      <UniqueIdentifier>{0803e85a-03be-4b4b-bcf5-06bfc785b52f}</UniqueIdentifier>
    </Filter>
    <Filter Include="enums">
      <UniqueIdentifier>{2921f3c3-501a-4ddc-9b4d-beb18c6bf21a}</UniqueIdentifier>
    </Filter>
    <Filter Include="UI">
      <UniqueIdentifier>{272ad10c-46e7-4eea-ac76-f52988747ee7}</UniqueIdentifier>
    </Filter>
    <Filter Include="observer">
      <UniqueIdentifier>{e87661e4-b8e2-4707-ab4c-6cade41d94ed}</UniqueIdentifier>
    </Filter>
    <Filter Include="UI\menu">
      <UniqueIdentifier>{0d1cd132-1b65-4004-9929-11c4a0940768}</UniqueIdentifier>
    </Filter>
    <Filter Include="UI\logger">
      <UniqueIdentifier>{ce1c4a00-71d2-4c95-88c7-8265d68ad006}</UniqueIdentifier>
    </Filter>
    <Filter Include="UI\time">
      <UniqueIdentifier>{b994b9f1-bfdc-4551-a7f3-3716ad225eec}</UniqueIdentifier>
    </Filter>
    <Filter Include="UI\resources">
      <UniqueIdentifier>{e75ac487-230b-4ee5-84c1-176b12f34cc7}</UniqueIdentifier>
    </Filter>
    <Filter Include="UI\screen">
      <UniqueIdentifier>{84030919-9ae5-4079-914d-322f92b86de1}</UniqueIdentifier>
    </Filter>
    <Filter Include="UI\tasks">
      <UniqueIdentifier>{b96def32-02cd-41bc-908c-f39eb89bf26f}</UniqueIdentifier>
    </Filter>
    <Filter Include="commodity">
      <UniqueIdentifier>{3b0e9749-aaf9-4819-a718-299c860176ae}</UniqueIdentifier>
    </Filter>
    <Filter Include="UI\screen\screenModes">
      <UniqueIdentifier>{8c270aae-9731-4648-b800-42050fca4d2c}</UniqueIdentifier>
    </Filter>
    <Filter Include="gameModes">
      <UniqueIdentifier>{71119cba-b8d7-4a57-a263-d569f48e8dc4}</UniqueIdentifier>
    </Filter>
  </ItemGroup>
  <ItemGroup>
    <ClCompile Include="gameMode.cpp">
      <Filter>gameModes</Filter>
    </ClCompile>
    <ClCompile Include="GMStartMenu.cpp">
      <Filter>gameModes</Filter>
    </ClCompile>
    <ClCompile Include="menu.cpp">
      <Filter>UI\menu</Filter>
    </ClCompile>
    <ClCompile Include="menuManager.cpp">
      <Filter>UI\menu</Filter>
    </ClCompile>
    <ClCompile Include="engine.cpp">
      <Filter>engine</Filter>
    </ClCompile>
    <ClCompile Include="main.cpp">
      <Filter>core</Filter>
    </ClCompile>
    <ClCompile Include="GMMain.cpp">
      <Filter>gameModes</Filter>
    </ClCompile>
    <ClCompile Include="UIElement.cpp">
      <Filter>UI</Filter>
    </ClCompile>
    <ClCompile Include="loggerManager.cpp">
      <Filter>UI\logger</Filter>
    </ClCompile>
    <ClCompile Include="resourcesManager.cpp">
      <Filter>UI\resources</Filter>
    </ClCompile>
    <ClCompile Include="screenManager.cpp">
      <Filter>UI\screen</Filter>
    </ClCompile>
    <ClCompile Include="tasksManager.cpp">
      <Filter>UI\tasks</Filter>
    </ClCompile>
    <ClCompile Include="timeManager.cpp">
      <Filter>UI\time</Filter>
    </ClCompile>
    <ClCompile Include="plant.cpp">
      <Filter>commodity</Filter>
    </ClCompile>
    <ClCompile Include="building.cpp">
      <Filter>commodity</Filter>
    </ClCompile>
    <ClCompile Include="goods.cpp">
      <Filter>commodity</Filter>
    </ClCompile>
    <ClCompile Include="screenMode.cpp">
      <Filter>UI\screen\screenModes</Filter>
    </ClCompile>
    <ClCompile Include="SMMain.cpp">
      <Filter>UI\screen\screenModes</Filter>
    </ClCompile>
    <ClCompile Include="SMInventory.cpp">
      <Filter>UI\screen\screenModes</Filter>
    </ClCompile>
    <ClCompile Include="SMRoster.cpp" />
  </ItemGroup>
  <ItemGroup>
    <ClInclude Include="gameMode.hpp">
      <Filter>gameModes</Filter>
    </ClInclude>
    <ClInclude Include="GMStartMenu.hpp">
      <Filter>gameModes</Filter>
    </ClInclude>
    <ClInclude Include="menu.hpp">
      <Filter>UI\menu</Filter>
    </ClInclude>
    <ClInclude Include="menuManager.hpp">
      <Filter>UI\menu</Filter>
    </ClInclude>
    <ClInclude Include="engine.hpp">
      <Filter>engine</Filter>
    </ClInclude>
    <ClInclude Include="olcPixelGameEngine.h">
      <Filter>core</Filter>
    </ClInclude>
    <ClInclude Include="eSignals.hpp">
      <Filter>enums</Filter>
    </ClInclude>
    <ClInclude Include="observer.hpp">
      <Filter>observer</Filter>
    </ClInclude>
    <ClInclude Include="GMMain.hpp">
      <Filter>gameModes</Filter>
    </ClInclude>
    <ClInclude Include="UIElement.hpp">
      <Filter>UI</Filter>
    </ClInclude>
    <ClInclude Include="eColors.hpp">
      <Filter>enums</Filter>
    </ClInclude>
    <ClInclude Include="loggerManager.hpp">
      <Filter>UI\logger</Filter>
    </ClInclude>
    <ClInclude Include="resourcesManager.hpp">
      <Filter>UI\resources</Filter>
    </ClInclude>
    <ClInclude Include="screenManager.hpp">
      <Filter>UI\screen</Filter>
    </ClInclude>
    <ClInclude Include="tasksManager.hpp">
      <Filter>UI\tasks</Filter>
    </ClInclude>
    <ClInclude Include="timeManager.hpp">
      <Filter>UI\time</Filter>
    </ClInclude>
    <ClInclude Include="eResources.hpp">
      <Filter>enums</Filter>
    </ClInclude>
    <ClInclude Include="plant.hpp">
      <Filter>commodity</Filter>
    </ClInclude>
    <ClInclude Include="building.hpp">
      <Filter>commodity</Filter>
    </ClInclude>
    <ClInclude Include="goods.hpp">
      <Filter>commodity</Filter>
    </ClInclude>
    <ClInclude Include="eScreenModes.hpp">
      <Filter>enums</Filter>
    </ClInclude>
    <ClInclude Include="screenMode.hpp">
      <Filter>UI\screen\screenModes</Filter>
    </ClInclude>
    <ClInclude Include="SMMain.hpp">
      <Filter>UI\screen\screenModes</Filter>
    </ClInclude>
    <ClInclude Include="SMInventory.hpp">
      <Filter>UI\screen\screenModes</Filter>
    </ClInclude>
    <ClInclude Include="SMRoster.hpp" />
  </ItemGroup>
  <ItemGroup>
    <Text Include=".gitignore" />
  </ItemGroup>
</Project>